
Microsoft Visual Studio Solution File, Format Version 12.00
# Visual Studio Version 17
VisualStudioVersion = 17.3.32929.385
MinimumVisualStudioVersion = 10.0.40219.1
Project("{8BC9CEB8-8B4A-11D0-8D11-00A0C91BC942}") = "DL", "DL\DL.vcxproj", "{B15E2152-3D18-4341-A1B5-5A64251A76DE}"
EndProject
Global
	GlobalSection(SolutionConfigurationPlatforms) = preSolution
		Debug|x64 = Debug|x64
		Debug|x86 = Debug|x86
		Release|x64 = Release|x64
		Release|x86 = Release|x86
	EndGlobalSection
	GlobalSection(ProjectConfigurationPlatforms) = postSolution
		{B15E2152-3D18-4341-A1B5-5A64251A76DE}.Debug|x64.ActiveCfg = Debug|x64
		{B15E2152-3D18-4341-A1B5-5A64251A76DE}.Debug|x64.Build.0 = Debug|x64
		{B15E2152-3D18-4341-A1B5-5A64251A76DE}.Debug|x86.ActiveCfg = Debug|Win32
		{B15E2152-3D18-4341-A1B5-5A64251A76DE}.Debug|x86.Build.0 = Debug|Win32
		{B15E2152-3D18-4341-A1B5-5A64251A76DE}.Release|x64.ActiveCfg = Release|x64
		{B15E2152-3D18-4341-A1B5-5A64251A76DE}.Release|x64.Build.0 = Release|x64
		{B15E2152-3D18-4341-A1B5-5A64251A76DE}.Release|x86.ActiveCfg = Release|Win32
		{B15E2152-3D18-4341-A1B5-5A64251A76DE}.Release|x86.Build.0 = Release|Win32
	EndGlobalSection
	GlobalSection(SolutionProperties) = preSolution
		HideSolutionNode = FALSE
	EndGlobalSection
	GlobalSection(ExtensibilityGlobals) = postSolution
		SolutionGuid = {29C5EDC4-D619-4445-9290-1A547173FB92}
	EndGlobalSection
EndGlobal
